Microsoft Visual Studio Solution File, Format Version 12.00
# Visual Studio 15
VisualStudioVersion = 15.0.27130.2027
MinimumVisualStudioVersion = 10.0.40219.1
Project("{9A19103F-16F7-4668-BE54-9A1E7A4F7556}") = "Oragon.Contexts", "Oragon.Contexts\Oragon.Contexts.csproj", "{FBBC0DE5-E023-4028-855D-DB29E5ABC48B}"
EndProject
Project("{9A19103F-16F7-4668-BE54-9A1E7A4F7556}") = "Oragon.Contexts.ExceptionHandling", "Oragon.Contexts.ExceptionHandling\Oragon.Contexts.ExceptionHandling.csproj", "{F1C1CEDA-8572-4EF5-B39E-A5B113A4FBA9}"
EndProject
Project("{9A19103F-16F7-4668-BE54-9A1E7A4F7556}") = "Oragon.Contexts.NHibernate", "Oragon.Contexts.NHibernate\Oragon.Contexts.NHibernate.csproj", "{99FA80A3-DEDB-44EE-BF89-089D5B2B679C}"
EndProject
Project("{9A19103F-16F7-4668-BE54-9A1E7A4F7556}") = "Oragon.Contexts.FluentNHibernate", "Oragon.Contexts.FluentNHibernate\Oragon.Contexts.FluentNHibernate.csproj", "{E4599F3E-DBAF-4D63-9EAB-6C03D35655DA}"
EndProject
Project("{2150E333-8FDC-42A3-9474-1A3956D46DE8}") = "Examples", "Examples", "{DD98F0CD-C5DF-494D-8DC6-AFFBCC47A8F5}"
EndProject
Project("{2150E333-8FDC-42A3-9474-1A3956D46DE8}") = "Tests", "Tests", "{ACB84DE7-D237-491A-AD72-7ED3CC89012C}"
EndProject
Project("{9A19103F-16F7-4668-BE54-9A1E7A4F7556}") = "Oragon.Context.Tests", "tests\Oragon.Context.Tests\Oragon.Context.Tests.csproj", "{0265F75C-27ED-48AF-B1B9-A68B3BA6AD35}"
EndProject
Global
	GlobalSection(SolutionConfigurationPlatforms) = preSolution
		Debug|Any CPU = Debug|Any CPU
		Release|Any CPU = Release|Any CPU
	EndGlobalSection
	GlobalSection(ProjectConfigurationPlatforms) = postSolution
		{FBBC0DE5-E023-4028-855D-DB29E5ABC48B}.Debug|Any CPU.ActiveCfg = Debug|Any CPU
		{FBBC0DE5-E023-4028-855D-DB29E5ABC48B}.Debug|Any CPU.Build.0 = Debug|Any CPU
		{FBBC0DE5-E023-4028-855D-DB29E5ABC48B}.Release|Any CPU.ActiveCfg = Release|Any CPU
		{FBBC0DE5-E023-4028-855D-DB29E5ABC48B}.Release|Any CPU.Build.0 = Release|Any CPU
		{F1C1CEDA-8572-4EF5-B39E-A5B113A4FBA9}.Debug|Any CPU.ActiveCfg = Debug|Any CPU
		{F1C1CEDA-8572-4EF5-B39E-A5B113A4FBA9}.Debug|Any CPU.Build.0 = Debug|Any CPU
		{F1C1CEDA-8572-4EF5-B39E-A5B113A4FBA9}.Release|Any CPU.ActiveCfg = Release|Any CPU
		{F1C1CEDA-8572-4EF5-B39E-A5B113A4FBA9}.Release|Any CPU.Build.0 = Release|Any CPU
		{99FA80A3-DEDB-44EE-BF89-089D5B2B679C}.Debug|Any CPU.ActiveCfg = Debug|Any CPU
		{99FA80A3-DEDB-44EE-BF89-089D5B2B679C}.Debug|Any CPU.Build.0 = Debug|Any CPU
		{99FA80A3-DEDB-44EE-BF89-089D5B2B679C}.Release|Any CPU.ActiveCfg = Release|Any CPU
		{99FA80A3-DEDB-44EE-BF89-089D5B2B679C}.Release|Any CPU.Build.0 = Release|Any CPU
		{E4599F3E-DBAF-4D63-9EAB-6C03D35655DA}.Debug|Any CPU.ActiveCfg = Debug|Any CPU
		{E4599F3E-DBAF-4D63-9EAB-6C03D35655DA}.Debug|Any CPU.Build.0 = Debug|Any CPU
		{E4599F3E-DBAF-4D63-9EAB-6C03D35655DA}.Release|Any CPU.ActiveCfg = Release|Any CPU
		{E4599F3E-DBAF-4D63-9EAB-6C03D35655DA}.Release|Any CPU.Build.0 = Release|Any CPU
		{0265F75C-27ED-48AF-B1B9-A68B3BA6AD35}.Debug|Any CPU.ActiveCfg = Debug|Any CPU
		{0265F75C-27ED-48AF-B1B9-A68B3BA6AD35}.Debug|Any CPU.Build.0 = Debug|Any CPU
		{0265F75C-27ED-48AF-B1B9-A68B3BA6AD35}.Release|Any CPU.ActiveCfg = Release|Any CPU
		{0265F75C-27ED-48AF-B1B9-A68B3BA6AD35}.Release|Any CPU.Build.0 = Release|Any CPU
	EndGlobalSection
	GlobalSection(SolutionProperties) = preSolution
		HideSolutionNode = FALSE
	EndGlobalSection
	GlobalSection(NestedProjects) = preSolution
		{0265F75C-27ED-48AF-B1B9-A68B3BA6AD35} = {ACB84DE7-D237-491A-AD72-7ED3CC89012C}
	EndGlobalSection
	GlobalSection(ExtensibilityGlobals) = postSolution
		SolutionGuid = {DEF2D9F0-F6BC-4C5E-9EC7-01845D607FB7}
	EndGlobalSection
EndGlobal
