
Microsoft Visual Studio Solution File, Format Version 12.00
# Visual Studio 15
VisualStudioVersion = 15.0.27130.2027
MinimumVisualStudioVersion = 10.0.40219.1
Project("{9A19103F-16F7-4668-BE54-9A1E7A4F7556}") = "Oragon.Architecture.LogEngine.ConsoleApp", "Oragon.Architecture.LogEngine.ConsoleApp\Oragon.Architecture.LogEngine.ConsoleApp.csproj", "{1B793CF0-F628-4DB4-B4E4-5D179709626D}"
EndProject
Project("{E53339B2-1760-4266-BCC7-CA923CBCF16C}") = "docker-compose", "docker-compose.dcproj", "{8806AEE1-6237-432A-815D-DEB5B7907485}"
EndProject
Global
	GlobalSection(SolutionConfigurationPlatforms) = preSolution
		Debug|Any CPU = Debug|Any CPU
		DebugWithProjRefs|Any CPU = DebugWithProjRefs|Any CPU
		Release|Any CPU = Release|Any CPU
	EndGlobalSection
	GlobalSection(ProjectConfigurationPlatforms) = postSolution
		{1B793CF0-F628-4DB4-B4E4-5D179709626D}.Debug|Any CPU.ActiveCfg = Debug|Any CPU
		{1B793CF0-F628-4DB4-B4E4-5D179709626D}.Debug|Any CPU.Build.0 = Debug|Any CPU
		{1B793CF0-F628-4DB4-B4E4-5D179709626D}.DebugWithProjRefs|Any CPU.ActiveCfg = Debug|Any CPU
		{1B793CF0-F628-4DB4-B4E4-5D179709626D}.DebugWithProjRefs|Any CPU.Build.0 = Debug|Any CPU
		{1B793CF0-F628-4DB4-B4E4-5D179709626D}.Release|Any CPU.ActiveCfg = Release|Any CPU
		{1B793CF0-F628-4DB4-B4E4-5D179709626D}.Release|Any CPU.Build.0 = Release|Any CPU
		{8806AEE1-6237-432A-815D-DEB5B7907485}.Debug|Any CPU.ActiveCfg = Debug|Any CPU
		{8806AEE1-6237-432A-815D-DEB5B7907485}.Debug|Any CPU.Build.0 = Debug|Any CPU
		{8806AEE1-6237-432A-815D-DEB5B7907485}.DebugWithProjRefs|Any CPU.ActiveCfg = Debug|Any CPU
		{8806AEE1-6237-432A-815D-DEB5B7907485}.DebugWithProjRefs|Any CPU.Build.0 = Debug|Any CPU
		{8806AEE1-6237-432A-815D-DEB5B7907485}.Release|Any CPU.ActiveCfg = Release|Any CPU
		{8806AEE1-6237-432A-815D-DEB5B7907485}.Release|Any CPU.Build.0 = Release|Any CPU
	EndGlobalSection
	GlobalSection(SolutionProperties) = preSolution
		HideSolutionNode = FALSE
	EndGlobalSection
	GlobalSection(ExtensibilityGlobals) = postSolution
		SolutionGuid = {2AE4F15D-83C3-4E1C-8169-11563F9ECE72}
	EndGlobalSection
EndGlobal
